// !$*UTF8*$!
{
	archiveVersion = 1;
	classes = {
	};
	objectVersion = 56;
	objects = {

/* Begin PBXBuildFile section */
		072993992AA9C7DA00ECB246 /* Assetss.swift in Sources */ = {isa = PBXBuildFile; fileRef = 072993982AA9C7DA00ECB246 /* Assetss.swift */; };
		073FDDCA2AA4A6FA00A263DF /* Username.swift in Sources */ = {isa = PBXBuildFile; fileRef = 073FDDC92AA4A6FA00A263DF /* Username.swift */; };
		073FDDCC2AA4AEBD00A263DF /* EntranceView.swift in Sources */ = {isa = PBXBuildFile; fileRef = 073FDDCB2AA4AEBD00A263DF /* EntranceView.swift */; };
		075155C02AA32CA000598BE8 /* Entrance.swift in Sources */ = {isa = PBXBuildFile; fileRef = 075155BF2AA32CA000598BE8 /* Entrance.swift */; };
		075155C22AA32E0300598BE8 /* L10n.swift in Sources */ = {isa = PBXBuildFile; fileRef = 075155C12AA32E0300598BE8 /* L10n.swift */; };
		075155C42AA333FF00598BE8 /* String+EmptyString.swift in Sources */ = {isa = PBXBuildFile; fileRef = 075155C32AA333FF00598BE8 /* String+EmptyString.swift */; };
		075155C72AA33CB300598BE8 /* UserClient.swift in Sources */ = {isa = PBXBuildFile; fileRef = 075155C62AA33CB300598BE8 /* UserClient.swift */; };
		075155C92AA35A7000598BE8 /* UsernameView.swift in Sources */ = {isa = PBXBuildFile; fileRef = 075155C82AA35A7000598BE8 /* UsernameView.swift */; };
		076330A62AB1AD6A00471FB8 /* View+placeholder.swift in Sources */ = {isa = PBXBuildFile; fileRef = 076330A52AB1AD6A00471FB8 /* View+placeholder.swift */; };
		07675FEA2AA0C0C20024E714 /* PeekMovieApplication.swift in Sources */ = {isa = PBXBuildFile; fileRef = 07675FE92AA0C0C20024E714 /* PeekMovieApplication.swift */; };
		07675FEC2AA0C0C20024E714 /* ContentView.swift in Sources */ = {isa = PBXBuildFile; fileRef = 07675FEB2AA0C0C20024E714 /* ContentView.swift */; };
		07675FEE2AA0C0C70024E714 /* Assets.xcassets in Resources */ = {isa = PBXBuildFile; fileRef = 07675FED2AA0C0C70024E714 /* Assets.xcassets */; };
		07675FF12AA0C0C70024E714 /* Preview Assets.xcassets in Resources */ = {isa = PBXBuildFile; fileRef = 07675FF02AA0C0C70024E714 /* Preview Assets.xcassets */; };
		07675FFA2AA0C4450024E714 /* ComposableArchitecture in Frameworks */ = {isa = PBXBuildFile; productRef = 07675FF92AA0C4450024E714 /* ComposableArchitecture */; };
		07675FFD2AA0C6CA0024E714 /* ApplicationDelegate.swift in Sources */ = {isa = PBXBuildFile; fileRef = 07675FFC2AA0C6CA0024E714 /* ApplicationDelegate.swift */; };
		07675FFF2AA0C7790024E714 /* Application.swift in Sources */ = {isa = PBXBuildFile; fileRef = 07675FFE2AA0C7790024E714 /* Application.swift */; };
		076760012AA0C93D0024E714 /* ApplicationScreen.swift in Sources */ = {isa = PBXBuildFile; fileRef = 076760002AA0C93D0024E714 /* ApplicationScreen.swift */; };
		076760032AA0CA420024E714 /* ApplicationView.swift in Sources */ = {isa = PBXBuildFile; fileRef = 076760022AA0CA420024E714 /* ApplicationView.swift */; };
		076760082AA0CC4E0024E714 /* Splash.swift in Sources */ = {isa = PBXBuildFile; fileRef = 076760072AA0CC4E0024E714 /* Splash.swift */; };
		0767600B2AA0CDC70024E714 /* CountdownTimer.swift in Sources */ = {isa = PBXBuildFile; fileRef = 0767600A2AA0CDC70024E714 /* CountdownTimer.swift */; };
		0767600D2AA0D06B0024E714 /* SplashView.swift in Sources */ = {isa = PBXBuildFile; fileRef = 0767600C2AA0D06B0024E714 /* SplashView.swift */; };
		076760112AA0D2280024E714 /* View+AdaptiveFont.swift in Sources */ = {isa = PBXBuildFile; fileRef = 076760102AA0D2280024E714 /* View+AdaptiveFont.swift */; };
		076760132AA0D2670024E714 /* FontKind.swift in Sources */ = {isa = PBXBuildFile; fileRef = 076760122AA0D2670024E714 /* FontKind.swift */; };
		076760152AA0D3140024E714 /* Fonts.swift in Sources */ = {isa = PBXBuildFile; fileRef = 076760142AA0D3140024E714 /* Fonts.swift */; };
		076760252AA0D3BB0024E714 /* AdaptiveSize.swift in Sources */ = {isa = PBXBuildFile; fileRef = 076760242AA0D3BB0024E714 /* AdaptiveSize.swift */; };
		076760272AA0D4360024E714 /* AdaptiveFrame.swift in Sources */ = {isa = PBXBuildFile; fileRef = 076760262AA0D4360024E714 /* AdaptiveFrame.swift */; };
		076760292AA0D4B10024E714 /* CGSize+square.swift in Sources */ = {isa = PBXBuildFile; fileRef = 076760282AA0D4B10024E714 /* CGSize+square.swift */; };
		0767602B2AA0D5040024E714 /* Assets.swift in Sources */ = {isa = PBXBuildFile; fileRef = 0767602A2AA0D5040024E714 /* Assets.swift */; };
		0767602D2AA0D5BA0024E714 /* View+OnFirstAppear.swift in Sources */ = {isa = PBXBuildFile; fileRef = 0767602C2AA0D5BA0024E714 /* View+OnFirstAppear.swift */; };
		0767602F2AA0D6B80024E714 /* Constants.swift in Sources */ = {isa = PBXBuildFile; fileRef = 0767602E2AA0D6B80024E714 /* Constants.swift */; };
		07F3143B2AA87CBB00B434ED /* PasswordView.swift in Sources */ = {isa = PBXBuildFile; fileRef = 07F3143A2AA87CBB00B434ED /* PasswordView.swift */; };
		07F3143D2AA87CFF00B434ED /* Password.swift in Sources */ = {isa = PBXBuildFile; fileRef = 07F3143C2AA87CFF00B434ED /* Password.swift */; };
		07F314432AA8954200B434ED /* Registration.swift in Sources */ = {isa = PBXBuildFile; fileRef = 07F314422AA8954200B434ED /* Registration.swift */; };
		07F314452AA8955800B434ED /* RegistrationView.swift in Sources */ = {isa = PBXBuildFile; fileRef = 07F314442AA8955800B434ED /* RegistrationView.swift */; };
/* End PBXBuildFile section */

/* Begin PBXFileReference section */
		072993982AA9C7DA00ECB246 /* Assetss.swift */ = {isa = PBXFileReference; lastKnownFileType = sourcecode.swift; path = Assetss.swift; sourceTree = "<group>"; };
		073FDDC92AA4A6FA00A263DF /* Username.swift */ = {isa = PBXFileReference; lastKnownFileType = sourcecode.swift; path = Username.swift; sourceTree = "<group>"; };
		073FDDCB2AA4AEBD00A263DF /* EntranceView.swift */ = {isa = PBXFileReference; lastKnownFileType = sourcecode.swift; path = EntranceView.swift; sourceTree = "<group>"; };
		075155BF2AA32CA000598BE8 /* Entrance.swift */ = {isa = PBXFileReference; lastKnownFileType = sourcecode.swift; path = Entrance.swift; sourceTree = "<group>"; };
		075155C12AA32E0300598BE8 /* L10n.swift */ = {isa = PBXFileReference; lastKnownFileType = sourcecode.swift; path = L10n.swift; sourceTree = "<group>"; };
		075155C32AA333FF00598BE8 /* String+EmptyString.swift */ = {isa = PBXFileReference; lastKnownFileType = sourcecode.swift; path = "String+EmptyString.swift"; sourceTree = "<group>"; };
		075155C62AA33CB300598BE8 /* UserClient.swift */ = {isa = PBXFileReference; lastKnownFileType = sourcecode.swift; path = UserClient.swift; sourceTree = "<group>"; };
		075155C82AA35A7000598BE8 /* UsernameView.swift */ = {isa = PBXFileReference; lastKnownFileType = sourcecode.swift; path = UsernameView.swift; sourceTree = "<group>"; };
		076330A52AB1AD6A00471FB8 /* View+placeholder.swift */ = {isa = PBXFileReference; lastKnownFileType = sourcecode.swift; path = "View+placeholder.swift"; sourceTree = "<group>"; };
		07675FE62AA0C0C20024E714 /* PeekMovie-TCA.app */ = {isa = PBXFileReference; explicitFileType = wrapper.application; includeInIndex = 0; path = "PeekMovie-TCA.app"; sourceTree = BUILT_PRODUCTS_DIR; };
		07675FE92AA0C0C20024E714 /* PeekMovieApplication.swift */ = {isa = PBXFileReference; lastKnownFileType = sourcecode.swift; path = PeekMovieApplication.swift; sourceTree = "<group>"; };
		07675FEB2AA0C0C20024E714 /* ContentView.swift */ = {isa = PBXFileReference; lastKnownFileType = sourcecode.swift; path = ContentView.swift; sourceTree = "<group>"; };
		07675FED2AA0C0C70024E714 /* Assets.xcassets */ = {isa = PBXFileReference; lastKnownFileType = folder.assetcatalog; path = Assets.xcassets; sourceTree = "<group>"; };
		07675FF02AA0C0C70024E714 /* Preview Assets.xcassets */ = {isa = PBXFileReference; lastKnownFileType = folder.assetcatalog; path = "Preview Assets.xcassets"; sourceTree = "<group>"; };
		07675FFC2AA0C6CA0024E714 /* ApplicationDelegate.swift */ = {isa = PBXFileReference; lastKnownFileType = sourcecode.swift; path = ApplicationDelegate.swift; sourceTree = "<group>"; };
		07675FFE2AA0C7790024E714 /* Application.swift */ = {isa = PBXFileReference; lastKnownFileType = sourcecode.swift; path = Application.swift; sourceTree = "<group>"; };
		076760002AA0C93D0024E714 /* ApplicationScreen.swift */ = {isa = PBXFileReference; lastKnownFileType = sourcecode.swift; path = ApplicationScreen.swift; sourceTree = "<group>"; };
		076760022AA0CA420024E714 /* ApplicationView.swift */ = {isa = PBXFileReference; lastKnownFileType = sourcecode.swift; path = ApplicationView.swift; sourceTree = "<group>"; };
		076760072AA0CC4E0024E714 /* Splash.swift */ = {isa = PBXFileReference; lastKnownFileType = sourcecode.swift; path = Splash.swift; sourceTree = "<group>"; };
		0767600A2AA0CDC70024E714 /* CountdownTimer.swift */ = {isa = PBXFileReference; lastKnownFileType = sourcecode.swift; path = CountdownTimer.swift; sourceTree = "<group>"; };
		0767600C2AA0D06B0024E714 /* SplashView.swift */ = {isa = PBXFileReference; lastKnownFileType = sourcecode.swift; path = SplashView.swift; sourceTree = "<group>"; };
		076760102AA0D2280024E714 /* View+AdaptiveFont.swift */ = {isa = PBXFileReference; lastKnownFileType = sourcecode.swift; path = "View+AdaptiveFont.swift"; sourceTree = "<group>"; };
		076760122AA0D2670024E714 /* FontKind.swift */ = {isa = PBXFileReference; lastKnownFileType = sourcecode.swift; path = FontKind.swift; sourceTree = "<group>"; };
		076760142AA0D3140024E714 /* Fonts.swift */ = {isa = PBXFileReference; lastKnownFileType = sourcecode.swift; path = Fonts.swift; sourceTree = "<group>"; };
		076760182AA0D3640024E714 /* Roboto-Bold.ttf */ = {isa = PBXFileReference; lastKnownFileType = file; name = "Roboto-Bold.ttf"; path = "../../../../../../Desktop/Design/Fonts/Roboto/Roboto-Bold.ttf"; sourceTree = "<group>"; };
		076760192AA0D3640024E714 /* Roboto-ThinItalic.ttf */ = {isa = PBXFileReference; lastKnownFileType = file; name = "Roboto-ThinItalic.ttf"; path = "../../../../../../Desktop/Design/Fonts/Roboto/Roboto-ThinItalic.ttf"; sourceTree = "<group>"; };
		0767601A2AA0D3640024E714 /* Roboto-MediumItalic.ttf */ = {isa = PBXFileReference; lastKnownFileType = file; name = "Roboto-MediumItalic.ttf"; path = "../../../../../../Desktop/Design/Fonts/Roboto/Roboto-MediumItalic.ttf"; sourceTree = "<group>"; };
		0767601B2AA0D3640024E714 /* Roboto-BoldItalic.ttf */ = {isa = PBXFileReference; lastKnownFileType = file; name = "Roboto-BoldItalic.ttf"; path = "../../../../../../Desktop/Design/Fonts/Roboto/Roboto-BoldItalic.ttf"; sourceTree = "<group>"; };
		0767601C2AA0D3640024E714 /* Roboto-LightItalic.ttf */ = {isa = PBXFileReference; lastKnownFileType = file; name = "Roboto-LightItalic.ttf"; path = "../../../../../../Desktop/Design/Fonts/Roboto/Roboto-LightItalic.ttf"; sourceTree = "<group>"; };
		0767601D2AA0D3640024E714 /* Roboto-Medium.ttf */ = {isa = PBXFileReference; lastKnownFileType = file; name = "Roboto-Medium.ttf"; path = "../../../../../../Desktop/Design/Fonts/Roboto/Roboto-Medium.ttf"; sourceTree = "<group>"; };
		0767601E2AA0D3640024E714 /* Roboto-Black.ttf */ = {isa = PBXFileReference; lastKnownFileType = file; name = "Roboto-Black.ttf"; path = "../../../../../../Desktop/Design/Fonts/Roboto/Roboto-Black.ttf"; sourceTree = "<group>"; };
		0767601F2AA0D3640024E714 /* Roboto-Italic.ttf */ = {isa = PBXFileReference; lastKnownFileType = file; name = "Roboto-Italic.ttf"; path = "../../../../../../Desktop/Design/Fonts/Roboto/Roboto-Italic.ttf"; sourceTree = "<group>"; };
		076760202AA0D3640024E714 /* Roboto-Light.ttf */ = {isa = PBXFileReference; lastKnownFileType = file; name = "Roboto-Light.ttf"; path = "../../../../../../Desktop/Design/Fonts/Roboto/Roboto-Light.ttf"; sourceTree = "<group>"; };
		076760212AA0D3640024E714 /* Roboto-Regular.ttf */ = {isa = PBXFileReference; lastKnownFileType = file; name = "Roboto-Regular.ttf"; path = "../../../../../../Desktop/Design/Fonts/Roboto/Roboto-Regular.ttf"; sourceTree = "<group>"; };
		076760222AA0D3640024E714 /* Roboto-Thin.ttf */ = {isa = PBXFileReference; lastKnownFileType = file; name = "Roboto-Thin.ttf"; path = "../../../../../../Desktop/Design/Fonts/Roboto/Roboto-Thin.ttf"; sourceTree = "<group>"; };
		076760232AA0D3640024E714 /* Roboto-BlackItalic.ttf */ = {isa = PBXFileReference; lastKnownFileType = file; name = "Roboto-BlackItalic.ttf"; path = "../../../../../../Desktop/Design/Fonts/Roboto/Roboto-BlackItalic.ttf"; sourceTree = "<group>"; };
		076760242AA0D3BB0024E714 /* AdaptiveSize.swift */ = {isa = PBXFileReference; lastKnownFileType = sourcecode.swift; path = AdaptiveSize.swift; sourceTree = "<group>"; };
		076760262AA0D4360024E714 /* AdaptiveFrame.swift */ = {isa = PBXFileReference; lastKnownFileType = sourcecode.swift; path = AdaptiveFrame.swift; sourceTree = "<group>"; };
		076760282AA0D4B10024E714 /* CGSize+square.swift */ = {isa = PBXFileReference; lastKnownFileType = sourcecode.swift; path = "CGSize+square.swift"; sourceTree = "<group>"; };
		0767602A2AA0D5040024E714 /* Assets.swift */ = {isa = PBXFileReference; lastKnownFileType = sourcecode.swift; path = Assets.swift; sourceTree = "<group>"; };
		0767602C2AA0D5BA0024E714 /* View+OnFirstAppear.swift */ = {isa = PBXFileReference; lastKnownFileType = sourcecode.swift; path = "View+OnFirstAppear.swift"; sourceTree = "<group>"; };
		0767602E2AA0D6B80024E714 /* Constants.swift */ = {isa = PBXFileReference; lastKnownFileType = sourcecode.swift; path = Constants.swift; sourceTree = "<group>"; };
		07F3143A2AA87CBB00B434ED /* PasswordView.swift */ = {isa = PBXFileReference; lastKnownFileType = sourcecode.swift; path = PasswordView.swift; sourceTree = "<group>"; };
		07F3143C2AA87CFF00B434ED /* Password.swift */ = {isa = PBXFileReference; lastKnownFileType = sourcecode.swift; path = Password.swift; sourceTree = "<group>"; };
		07F314422AA8954200B434ED /* Registration.swift */ = {isa = PBXFileReference; lastKnownFileType = sourcecode.swift; path = Registration.swift; sourceTree = "<group>"; };
		07F314442AA8955800B434ED /* RegistrationView.swift */ = {isa = PBXFileReference; lastKnownFileType = sourcecode.swift; path = RegistrationView.swift; sourceTree = "<group>"; };
/* End PBXFileReference section */

/* Begin PBXFrameworksBuildPhase section */
		07675FE32AA0C0C10024E714 /* Frameworks */ = {
			isa = PBXFrameworksBuildPhase;
			buildActionMask = 2147483647;
			files = (
				07675FFA2AA0C4450024E714 /* ComposableArchitecture in Frameworks */,
			);
			runOnlyForDeploymentPostprocessing = 0;
		};
/* End PBXFrameworksBuildPhase section */

/* Begin PBXGroup section */
		073FDDC82AA4A6E600A263DF /* Username */ = {
			isa = PBXGroup;
			children = (
				073FDDC92AA4A6FA00A263DF /* Username.swift */,
				075155C82AA35A7000598BE8 /* UsernameView.swift */,
			);
			path = Username;
			sourceTree = "<group>";
		};
		075155C52AA33CA900598BE8 /* UserClient */ = {
			isa = PBXGroup;
			children = (
				075155C62AA33CB300598BE8 /* UserClient.swift */,
			);
			path = UserClient;
			sourceTree = "<group>";
		};
		07675FDD2AA0C0C10024E714 = {
			isa = PBXGroup;
			children = (
				07675FE82AA0C0C20024E714 /* PeekMovie-TCA */,
				07675FE72AA0C0C20024E714 /* Products */,
			);
			sourceTree = "<group>";
		};
		07675FE72AA0C0C20024E714 /* Products */ = {
			isa = PBXGroup;
			children = (
				07675FE62AA0C0C20024E714 /* PeekMovie-TCA.app */,
			);
			name = Products;
			sourceTree = "<group>";
		};
		07675FE82AA0C0C20024E714 /* PeekMovie-TCA */ = {
			isa = PBXGroup;
			children = (
				07675FE92AA0C0C20024E714 /* PeekMovieApplication.swift */,
				07675FEB2AA0C0C20024E714 /* ContentView.swift */,
				07675FFB2AA0C67D0024E714 /* Application */,
				076760092AA0CDAB0024E714 /* Service */,
				0767600E2AA0D20B0024E714 /* Utils */,
				076760062AA0CC310024E714 /* Splash */,
				076760042AA0CC200024E714 /* Entrance */,
				076760052AA0CC2B0024E714 /* Lobby */,
				07675FED2AA0C0C70024E714 /* Assets.xcassets */,
				07675FEF2AA0C0C70024E714 /* Preview Content */,
			);
			path = "PeekMovie-TCA";
			sourceTree = "<group>";
		};
		07675FEF2AA0C0C70024E714 /* Preview Content */ = {
			isa = PBXGroup;
			children = (
				07675FF02AA0C0C70024E714 /* Preview Assets.xcassets */,
			);
			path = "Preview Content";
			sourceTree = "<group>";
		};
		07675FFB2AA0C67D0024E714 /* Application */ = {
			isa = PBXGroup;
			children = (
				07675FFE2AA0C7790024E714 /* Application.swift */,
				07675FFC2AA0C6CA0024E714 /* ApplicationDelegate.swift */,
				076760002AA0C93D0024E714 /* ApplicationScreen.swift */,
				076760022AA0CA420024E714 /* ApplicationView.swift */,
			);
			path = Application;
			sourceTree = "<group>";
		};
		076760042AA0CC200024E714 /* Entrance */ = {
			isa = PBXGroup;
			children = (
				075155BF2AA32CA000598BE8 /* Entrance.swift */,
				073FDDCB2AA4AEBD00A263DF /* EntranceView.swift */,
				073FDDC82AA4A6E600A263DF /* Username */,
				07F314392AA87CA900B434ED /* Password */,
				07F314402AA8951400B434ED /* Registration */,
			);
			path = Entrance;
			sourceTree = "<group>";
		};
		076760052AA0CC2B0024E714 /* Lobby */ = {
			isa = PBXGroup;
			children = (
			);
			path = Lobby;
			sourceTree = "<group>";
		};
		076760062AA0CC310024E714 /* Splash */ = {
			isa = PBXGroup;
			children = (
				076760072AA0CC4E0024E714 /* Splash.swift */,
				0767600C2AA0D06B0024E714 /* SplashView.swift */,
			);
			path = Splash;
			sourceTree = "<group>";
		};
		076760092AA0CDAB0024E714 /* Service */ = {
			isa = PBXGroup;
			children = (
				075155C52AA33CA900598BE8 /* UserClient */,
				0767600A2AA0CDC70024E714 /* CountdownTimer.swift */,
			);
			path = Service;
			sourceTree = "<group>";
		};
		0767600E2AA0D20B0024E714 /* Utils */ = {
			isa = PBXGroup;
			children = (
				076760162AA0D3390024E714 /* Font */,
				0767600F2AA0D21B0024E714 /* Extension */,
				076760242AA0D3BB0024E714 /* AdaptiveSize.swift */,
				076760262AA0D4360024E714 /* AdaptiveFrame.swift */,
				0767602A2AA0D5040024E714 /* Assets.swift */,
				0767602E2AA0D6B80024E714 /* Constants.swift */,
				075155C12AA32E0300598BE8 /* L10n.swift */,
				072993982AA9C7DA00ECB246 /* Assetss.swift */,
			);
			path = Utils;
			sourceTree = "<group>";
		};
		0767600F2AA0D21B0024E714 /* Extension */ = {
			isa = PBXGroup;
			children = (
				076760102AA0D2280024E714 /* View+AdaptiveFont.swift */,
				076760282AA0D4B10024E714 /* CGSize+square.swift */,
				0767602C2AA0D5BA0024E714 /* View+OnFirstAppear.swift */,
				075155C32AA333FF00598BE8 /* String+EmptyString.swift */,
				076330A52AB1AD6A00471FB8 /* View+placeholder.swift */,
			);
			path = Extension;
			sourceTree = "<group>";
		};
		076760162AA0D3390024E714 /* Font */ = {
			isa = PBXGroup;
			children = (
				076760172AA0D3430024E714 /* ttf */,
				076760142AA0D3140024E714 /* Fonts.swift */,
				076760122AA0D2670024E714 /* FontKind.swift */,
			);
			path = Font;
			sourceTree = "<group>";
		};
		076760172AA0D3430024E714 /* ttf */ = {
			isa = PBXGroup;
			children = (
				0767601E2AA0D3640024E714 /* Roboto-Black.ttf */,
				076760232AA0D3640024E714 /* Roboto-BlackItalic.ttf */,
				076760182AA0D3640024E714 /* Roboto-Bold.ttf */,
				0767601B2AA0D3640024E714 /* Roboto-BoldItalic.ttf */,
				0767601F2AA0D3640024E714 /* Roboto-Italic.ttf */,
				076760202AA0D3640024E714 /* Roboto-Light.ttf */,
				0767601C2AA0D3640024E714 /* Roboto-LightItalic.ttf */,
				0767601D2AA0D3640024E714 /* Roboto-Medium.ttf */,
				0767601A2AA0D3640024E714 /* Roboto-MediumItalic.ttf */,
				076760212AA0D3640024E714 /* Roboto-Regular.ttf */,
				076760222AA0D3640024E714 /* Roboto-Thin.ttf */,
				076760192AA0D3640024E714 /* Roboto-ThinItalic.ttf */,
			);
			path = ttf;
			sourceTree = "<group>";
		};
		07F314392AA87CA900B434ED /* Password */ = {
			isa = PBXGroup;
			children = (
				07F3143C2AA87CFF00B434ED /* Password.swift */,
				07F3143A2AA87CBB00B434ED /* PasswordView.swift */,
			);
			path = Password;
			sourceTree = "<group>";
		};
		07F314402AA8951400B434ED /* Registration */ = {
			isa = PBXGroup;
			children = (
				07F314422AA8954200B434ED /* Registration.swift */,
				07F314442AA8955800B434ED /* RegistrationView.swift */,
			);
			path = Registration;
			sourceTree = "<group>";
		};
/* End PBXGroup section */

/* Begin PBXNativeTarget section */
		07675FE52AA0C0C10024E714 /* PeekMovie-TCA */ = {
			isa = PBXNativeTarget;
			buildConfigurationList = 07675FF42AA0C0C70024E714 /* Build configuration list for PBXNativeTarget "PeekMovie-TCA" */;
			buildPhases = (
				07675FE22AA0C0C10024E714 /* Sources */,
				07675FE32AA0C0C10024E714 /* Frameworks */,
				07675FE42AA0C0C10024E714 /* Resources */,
			);
			buildRules = (
			);
			dependencies = (
			);
			name = "PeekMovie-TCA";
			packageProductDependencies = (
				07675FF92AA0C4450024E714 /* ComposableArchitecture */,
			);
			productName = "PeekMovie-TCA";
			productReference = 07675FE62AA0C0C20024E714 /* PeekMovie-TCA.app */;
			productType = "com.apple.product-type.application";
		};
/* End PBXNativeTarget section */

/* Begin PBXProject section */
		07675FDE2AA0C0C10024E714 /* Project object */ = {
			isa = PBXProject;
			attributes = {
				BuildIndependentTargetsInParallel = 1;
				LastSwiftUpdateCheck = 1430;
				LastUpgradeCheck = 1430;
				TargetAttributes = {
					07675FE52AA0C0C10024E714 = {
						CreatedOnToolsVersion = 14.3;
					};
				};
			};
			buildConfigurationList = 07675FE12AA0C0C10024E714 /* Build configuration list for PBXProject "PeekMovie-TCA" */;
			compatibilityVersion = "Xcode 14.0";
			developmentRegion = en;
			hasScannedForEncodings = 0;
			knownRegions = (
				en,
				Base,
			);
			mainGroup = 07675FDD2AA0C0C10024E714;
			packageReferences = (
				07675FF82AA0C4450024E714 /* XCRemoteSwiftPackageReference "swift-composable-architecture" */,
			);
			productRefGroup = 07675FE72AA0C0C20024E714 /* Products */;
			projectDirPath = "";
			projectRoot = "";
			targets = (
				07675FE52AA0C0C10024E714 /* PeekMovie-TCA */,
			);
		};
/* End PBXProject section */

/* Begin PBXResourcesBuildPhase section */
		07675FE42AA0C0C10024E714 /* Resources */ = {
			isa = PBXResourcesBuildPhase;
			buildActionMask = 2147483647;
			files = (
				07675FF12AA0C0C70024E714 /* Preview Assets.xcassets in Resources */,
				07675FEE2AA0C0C70024E714 /* Assets.xcassets in Resources */,
			);
			runOnlyForDeploymentPostprocessing = 0;
		};
/* End PBXResourcesBuildPhase section */

/* Begin PBXSourcesBuildPhase section */
		07675FE22AA0C0C10024E714 /* Sources */ = {
			isa = PBXSourcesBuildPhase;
			buildActionMask = 2147483647;
			files = (
				07F3143D2AA87CFF00B434ED /* Password.swift in Sources */,
				075155C42AA333FF00598BE8 /* String+EmptyString.swift in Sources */,
				073FDDCA2AA4A6FA00A263DF /* Username.swift in Sources */,
				076760082AA0CC4E0024E714 /* Splash.swift in Sources */,
				076760112AA0D2280024E714 /* View+AdaptiveFont.swift in Sources */,
				0767600B2AA0CDC70024E714 /* CountdownTimer.swift in Sources */,
				073FDDCC2AA4AEBD00A263DF /* EntranceView.swift in Sources */,
				076760132AA0D2670024E714 /* FontKind.swift in Sources */,
				075155C22AA32E0300598BE8 /* L10n.swift in Sources */,
				0767602D2AA0D5BA0024E714 /* View+OnFirstAppear.swift in Sources */,
				076760152AA0D3140024E714 /* Fonts.swift in Sources */,
				076760252AA0D3BB0024E714 /* AdaptiveSize.swift in Sources */,
				075155C72AA33CB300598BE8 /* UserClient.swift in Sources */,
				076760292AA0D4B10024E714 /* CGSize+square.swift in Sources */,
				072993992AA9C7DA00ECB246 /* Assetss.swift in Sources */,
				07675FFF2AA0C7790024E714 /* Application.swift in Sources */,
				076760272AA0D4360024E714 /* AdaptiveFrame.swift in Sources */,
				07F314452AA8955800B434ED /* RegistrationView.swift in Sources */,
				07F314432AA8954200B434ED /* Registration.swift in Sources */,
				075155C02AA32CA000598BE8 /* Entrance.swift in Sources */,
				07675FFD2AA0C6CA0024E714 /* ApplicationDelegate.swift in Sources */,
				076330A62AB1AD6A00471FB8 /* View+placeholder.swift in Sources */,
				07F3143B2AA87CBB00B434ED /* PasswordView.swift in Sources */,
				075155C92AA35A7000598BE8 /* UsernameView.swift in Sources */,
				0767602B2AA0D5040024E714 /* Assets.swift in Sources */,
				07675FEC2AA0C0C20024E714 /* ContentView.swift in Sources */,
				076760012AA0C93D0024E714 /* ApplicationScreen.swift in Sources */,
				07675FEA2AA0C0C20024E714 /* PeekMovieApplication.swift in Sources */,
				076760032AA0CA420024E714 /* ApplicationView.swift in Sources */,
				0767600D2AA0D06B0024E714 /* SplashView.swift in Sources */,
				0767602F2AA0D6B80024E714 /* Constants.swift in Sources */,
			);
			runOnlyForDeploymentPostprocessing = 0;
		};
/* End PBXSourcesBuildPhase section */

/* Begin XCBuildConfiguration section */
		07675FF22AA0C0C70024E714 /* Debug */ = {
			isa = XCBuildConfiguration;
			buildSettings = {
				ALWAYS_SEARCH_USER_PATHS = NO;
				CLANG_ANALYZER_NONNULL = YES;
				CLANG_ANALYZER_NUMBER_OBJECT_CONVERSION = YES_AGGRESSIVE;
				CLANG_CXX_LANGUAGE_STANDARD = "gnu++20";
				CLANG_ENABLE_MODULES = YES;
				CLANG_ENABLE_OBJC_ARC = YES;
				CLANG_ENABLE_OBJC_WEAK = YES;
				CLANG_WARN_BLOCK_CAPTURE_AUTORELEASING = YES;
				CLANG_WARN_BOOL_CONVERSION = YES;
				CLANG_WARN_COMMA = YES;
				CLANG_WARN_CONSTANT_CONVERSION = YES;
				CLANG_WARN_DEPRECATED_OBJC_IMPLEMENTATIONS = YES;
				CLANG_WARN_DIRECT_OBJC_ISA_USAGE = YES_ERROR;
				CLANG_WARN_DOCUMENTATION_COMMENTS = YES;
				CLANG_WARN_EMPTY_BODY = YES;
				CLANG_WARN_ENUM_CONVERSION = YES;
				CLANG_WARN_INFINITE_RECURSION = YES;
				CLANG_WARN_INT_CONVERSION = YES;
				CLANG_WARN_NON_LITERAL_NULL_CONVERSION = YES;
				CLANG_WARN_OBJC_IMPLICIT_RETAIN_SELF = YES;
				CLANG_WARN_OBJC_LITERAL_CONVERSION = YES;
				CLANG_WARN_OBJC_ROOT_CLASS = YES_ERROR;
				CLANG_WARN_QUOTED_INCLUDE_IN_FRAMEWORK_HEADER = YES;
				CLANG_WARN_RANGE_LOOP_ANALYSIS = YES;
				CLANG_WARN_STRICT_PROTOTYPES = YES;
				CLANG_WARN_SUSPICIOUS_MOVE = YES;
				CLANG_WARN_UNGUARDED_AVAILABILITY = YES_AGGRESSIVE;
				CLANG_WARN_UNREACHABLE_CODE = YES;
				CLANG_WARN__DUPLICATE_METHOD_MATCH = YES;
				COPY_PHASE_STRIP = NO;
				DEBUG_INFORMATION_FORMAT = dwarf;
				ENABLE_STRICT_OBJC_MSGSEND = YES;
				ENABLE_TESTABILITY = YES;
				GCC_C_LANGUAGE_STANDARD = gnu11;
				GCC_DYNAMIC_NO_PIC = NO;
				GCC_NO_COMMON_BLOCKS = YES;
				GCC_OPTIMIZATION_LEVEL = 0;
				GCC_PREPROCESSOR_DEFINITIONS = (
					"DEBUG=1",
					"$(inherited)",
				);
				GCC_WARN_64_TO_32_BIT_CONVERSION = YES;
				GCC_WARN_ABOUT_RETURN_TYPE = YES_ERROR;
				GCC_WARN_UNDECLARED_SELECTOR = YES;
				GCC_WARN_UNINITIALIZED_AUTOS = YES_AGGRESSIVE;
				GCC_WARN_UNUSED_FUNCTION = YES;
				GCC_WARN_UNUSED_VARIABLE = YES;
				IPHONEOS_DEPLOYMENT_TARGET = 16.4;
				MTL_ENABLE_DEBUG_INFO = INCLUDE_SOURCE;
				MTL_FAST_MATH = YES;
				ONLY_ACTIVE_ARCH = YES;
				SDKROOT = iphoneos;
				SWIFT_ACTIVE_COMPILATION_CONDITIONS = DEBUG;
				SWIFT_OPTIMIZATION_LEVEL = "-Onone";
			};
			name = Debug;
		};
		07675FF32AA0C0C70024E714 /* Release */ = {
			isa = XCBuildConfiguration;
			buildSettings = {
				ALWAYS_SEARCH_USER_PATHS = NO;
				CLANG_ANALYZER_NONNULL = YES;
				CLANG_ANALYZER_NUMBER_OBJECT_CONVERSION = YES_AGGRESSIVE;
				CLANG_CXX_LANGUAGE_STANDARD = "gnu++20";
				CLANG_ENABLE_MODULES = YES;
				CLANG_ENABLE_OBJC_ARC = YES;
				CLANG_ENABLE_OBJC_WEAK = YES;
				CLANG_WARN_BLOCK_CAPTURE_AUTORELEASING = YES;
				CLANG_WARN_BOOL_CONVERSION = YES;
				CLANG_WARN_COMMA = YES;
				CLANG_WARN_CONSTANT_CONVERSION = YES;
				CLANG_WARN_DEPRECATED_OBJC_IMPLEMENTATIONS = YES;
				CLANG_WARN_DIRECT_OBJC_ISA_USAGE = YES_ERROR;
				CLANG_WARN_DOCUMENTATION_COMMENTS = YES;
				CLANG_WARN_EMPTY_BODY = YES;
				CLANG_WARN_ENUM_CONVERSION = YES;
				CLANG_WARN_INFINITE_RECURSION = YES;
				CLANG_WARN_INT_CONVERSION = YES;
				CLANG_WARN_NON_LITERAL_NULL_CONVERSION = YES;
				CLANG_WARN_OBJC_IMPLICIT_RETAIN_SELF = YES;
				CLANG_WARN_OBJC_LITERAL_CONVERSION = YES;
				CLANG_WARN_OBJC_ROOT_CLASS = YES_ERROR;
				CLANG_WARN_QUOTED_INCLUDE_IN_FRAMEWORK_HEADER = YES;
				CLANG_WARN_RANGE_LOOP_ANALYSIS = YES;
				CLANG_WARN_STRICT_PROTOTYPES = YES;
				CLANG_WARN_SUSPICIOUS_MOVE = YES;
				CLANG_WARN_UNGUARDED_AVAILABILITY = YES_AGGRESSIVE;
				CLANG_WARN_UNREACHABLE_CODE = YES;
				CLANG_WARN__DUPLICATE_METHOD_MATCH = YES;
				COPY_PHASE_STRIP = NO;
				DEBUG_INFORMATION_FORMAT = "dwarf-with-dsym";
				ENABLE_NS_ASSERTIONS = NO;
				ENABLE_STRICT_OBJC_MSGSEND = YES;
				GCC_C_LANGUAGE_STANDARD = gnu11;
				GCC_NO_COMMON_BLOCKS = YES;
				GCC_WARN_64_TO_32_BIT_CONVERSION = YES;
				GCC_WARN_ABOUT_RETURN_TYPE = YES_ERROR;
				GCC_WARN_UNDECLARED_SELECTOR = YES;
				GCC_WARN_UNINITIALIZED_AUTOS = YES_AGGRESSIVE;
				GCC_WARN_UNUSED_FUNCTION = YES;
				GCC_WARN_UNUSED_VARIABLE = YES;
				IPHONEOS_DEPLOYMENT_TARGET = 16.4;
				MTL_ENABLE_DEBUG_INFO = NO;
				MTL_FAST_MATH = YES;
				SDKROOT = iphoneos;
				SWIFT_COMPILATION_MODE = wholemodule;
				SWIFT_OPTIMIZATION_LEVEL = "-O";
				VALIDATE_PRODUCT = YES;
			};
			name = Release;
		};
		07675FF52AA0C0C70024E714 /* Debug */ = {
			isa = XCBuildConfiguration;
			buildSettings = {
				ASSETCATALOG_COMPILER_APPICON_NAME = AppIcon;
				ASSETCATALOG_COMPILER_GLOBAL_ACCENT_COLOR_NAME = AccentColor;
				CODE_SIGN_STYLE = Automatic;
				CURRENT_PROJECT_VERSION = 1;
				DEVELOPMENT_ASSET_PATHS = "\"PeekMovie-TCA/Preview Content\"";
				DEVELOPMENT_TEAM = J2YJ6QP79J;
				ENABLE_PREVIEWS = YES;
				GENERATE_INFOPLIST_FILE = YES;
				INFOPLIST_KEY_UIApplicationSceneManifest_Generation = YES;
				INFOPLIST_KEY_UIApplicationSupportsIndirectInputEvents = YES;
				INFOPLIST_KEY_UILaunchScreen_Generation = YES;
				INFOPLIST_KEY_UISupportedInterfaceOrientations_iPad = "UIInterfaceOrientationPortrait UIInterfaceOrientationPortraitUpsideDown UIInterfaceOrientationLandscapeLeft UIInterfaceOrientationLandscapeRight";
				INFOPLIST_KEY_UISupportedInterfaceOrientations_iPhone = "UIInterfaceOrientationPortrait UIInterfaceOrientationLandscapeLeft UIInterfaceOrientationLandscapeRight";
				LD_RUNPATH_SEARCH_PATHS = (
					"$(inherited)",
					"@executable_path/Frameworks",
				);
				MARKETING_VERSION = 1.0;
				PRODUCT_BUNDLE_IDENTIFIER = "com.ezpzbaby.PeekMovie-TCA";
				PRODUCT_NAME = "$(TARGET_NAME)";
				SWIFT_EMIT_LOC_STRINGS = YES;
				SWIFT_VERSION = 5.0;
				TARGETED_DEVICE_FAMILY = "1,2";
			};
			name = Debug;
		};
		07675FF62AA0C0C70024E714 /* Release */ = {
			isa = XCBuildConfiguration;
			buildSettings = {
				ASSETCATALOG_COMPILER_APPICON_NAME = AppIcon;
				ASSETCATALOG_COMPILER_GLOBAL_ACCENT_COLOR_NAME = AccentColor;
				CODE_SIGN_STYLE = Automatic;
				CURRENT_PROJECT_VERSION = 1;
				DEVELOPMENT_ASSET_PATHS = "\"PeekMovie-TCA/Preview Content\"";
				DEVELOPMENT_TEAM = J2YJ6QP79J;
				ENABLE_PREVIEWS = YES;
				GENERATE_INFOPLIST_FILE = YES;
				INFOPLIST_KEY_UIApplicationSceneManifest_Generation = YES;
				INFOPLIST_KEY_UIApplicationSupportsIndirectInputEvents = YES;
				INFOPLIST_KEY_UILaunchScreen_Generation = YES;
				INFOPLIST_KEY_UISupportedInterfaceOrientations_iPad = "UIInterfaceOrientationPortrait UIInterfaceOrientationPortraitUpsideDown UIInterfaceOrientationLandscapeLeft UIInterfaceOrientationLandscapeRight";
				INFOPLIST_KEY_UISupportedInterfaceOrientations_iPhone = "UIInterfaceOrientationPortrait UIInterfaceOrientationLandscapeLeft UIInterfaceOrientationLandscapeRight";
				LD_RUNPATH_SEARCH_PATHS = (
					"$(inherited)",
					"@executable_path/Frameworks",
				);
				MARKETING_VERSION = 1.0;
				PRODUCT_BUNDLE_IDENTIFIER = "com.ezpzbaby.PeekMovie-TCA";
				PRODUCT_NAME = "$(TARGET_NAME)";
				SWIFT_EMIT_LOC_STRINGS = YES;
				SWIFT_VERSION = 5.0;
				TARGETED_DEVICE_FAMILY = "1,2";
			};
			name = Release;
		};
/* End XCBuildConfiguration section */

/* Begin XCConfigurationList section */
		07675FE12AA0C0C10024E714 /* Build configuration list for PBXProject "PeekMovie-TCA" */ = {
			isa = XCConfigurationList;
			buildConfigurations = (
				07675FF22AA0C0C70024E714 /* Debug */,
				07675FF32AA0C0C70024E714 /* Release */,
			);
			defaultConfigurationIsVisible = 0;
			defaultConfigurationName = Release;
		};
		07675FF42AA0C0C70024E714 /* Build configuration list for PBXNativeTarget "PeekMovie-TCA" */ = {
			isa = XCConfigurationList;
			buildConfigurations = (
				07675FF52AA0C0C70024E714 /* Debug */,
				07675FF62AA0C0C70024E714 /* Release */,
			);
			defaultConfigurationIsVisible = 0;
			defaultConfigurationName = Release;
		};
/* End XCConfigurationList section */

/* Begin XCRemoteSwiftPackageReference section */
		07675FF82AA0C4450024E714 /* XCRemoteSwiftPackageReference "swift-composable-architecture" */ = {
			isa = XCRemoteSwiftPackageReference;
			repositoryURL = "https://github.com/pointfreeco/swift-composable-architecture";
			requirement = {
				kind = upToNextMajorVersion;
				minimumVersion = 1.0.0;
			};
		};
/* End XCRemoteSwiftPackageReference section */

/* Begin XCSwiftPackageProductDependency section */
		07675FF92AA0C4450024E714 /* ComposableArchitecture */ = {
			isa = XCSwiftPackageProductDependency;
			package = 07675FF82AA0C4450024E714 /* XCRemoteSwiftPackageReference "swift-composable-architecture" */;
			productName = ComposableArchitecture;
		};
/* End XCSwiftPackageProductDependency section */
	};
	rootObject = 07675FDE2AA0C0C10024E714 /* Project object */;
}
